
Microsoft Visual Studio Solution File, Format Version 12.00
# Visual Studio Version 17
VisualStudioVersion = 17.5.33627.172
MinimumVisualStudioVersion = 10.0.40219.1
Project("{9A19103F-16F7-4668-BE54-9A1E7A4F7556}") = "list", "list.csproj", "{5D9BB9B3-B1AA-4B46-ADE3-BC7CEAF17ECB}"
EndProject
Global
	GlobalSection(SolutionConfigurationPlatforms) = preSolution
		Debug|Any CPU = Debug|Any CPU
		Release|Any CPU = Release|Any CPU
	EndGlobalSection
	GlobalSection(ProjectConfigurationPlatforms) = postSolution
		{5D9BB9B3-B1AA-4B46-ADE3-BC7CEAF17ECB}.Debug|Any CPU.ActiveCfg = Debug|Any CPU
		{5D9BB9B3-B1AA-4B46-ADE3-BC7CEAF17ECB}.Debug|Any CPU.Build.0 = Debug|Any CPU
		{5D9BB9B3-B1AA-4B46-ADE3-BC7CEAF17ECB}.Release|Any CPU.ActiveCfg = Release|Any CPU
		{5D9BB9B3-B1AA-4B46-ADE3-BC7CEAF17ECB}.Release|Any CPU.Build.0 = Release|Any CPU
	EndGlobalSection
	GlobalSection(SolutionProperties) = preSolution
		HideSolutionNode = FALSE
	EndGlobalSection
	GlobalSection(ExtensibilityGlobals) = postSolution
		SolutionGuid = {EA8B451D-6D04-4549-AEA7-545A340BEBF3}
	EndGlobalSection
EndGlobal
