
Microsoft Visual Studio Solution File, Format Version 12.00
# Visual Studio Version 16
VisualStudioVersion = 25.0.1706.7
MinimumVisualStudioVersion = 10.0.40219.1
Project("{FAE04EC0-301F-11D3-BF4B-00C04F79EFBC}") = "secure-api", "secure-api.csproj", "{4301A849-9368-43AA-8B75-1CC27561FBBE}"
EndProject
Global
	GlobalSection(SolutionConfigurationPlatforms) = preSolution
		Debug|Any CPU = Debug|Any CPU
		Release|Any CPU = Release|Any CPU
	EndGlobalSection
	GlobalSection(ProjectConfigurationPlatforms) = postSolution
		{4301A849-9368-43AA-8B75-1CC27561FBBE}.Debug|Any CPU.ActiveCfg = Debug|Any CPU
		{4301A849-9368-43AA-8B75-1CC27561FBBE}.Debug|Any CPU.Build.0 = Debug|Any CPU
		{4301A849-9368-43AA-8B75-1CC27561FBBE}.Release|Any CPU.ActiveCfg = Release|Any CPU
		{4301A849-9368-43AA-8B75-1CC27561FBBE}.Release|Any CPU.Build.0 = Release|Any CPU
	EndGlobalSection
	GlobalSection(SolutionProperties) = preSolution
		HideSolutionNode = FALSE
	EndGlobalSection
	GlobalSection(ExtensibilityGlobals) = postSolution
		SolutionGuid = {915C3FC9-6042-44D3-8E6E-5862B9F1E912}
	EndGlobalSection
EndGlobal
